
Microsoft Visual Studio Solution File, Format Version 12.00
# Visual Studio 2012
Project("{FAE04EC0-301F-11D3-BF4B-00C04F79EFBC}") = "KibanaTryout", "FakeEvenCreator\KibanaTryout.csproj", "{0CF90EAB-0196-4DE2-B8BE-A0E32968C233}"
EndProject
Project("{FAE04EC0-301F-11D3-BF4B-00C04F79EFBC}") = "Kibana", "Kibana\Kibana.csproj", "{CF3F8599-5946-4007-92A5-66D35A595768}"
EndProject
Global
	GlobalSection(SolutionConfigurationPlatforms) = preSolution
		Debug|Any CPU = Debug|Any CPU
		Release|Any CPU = Release|Any CPU
	EndGlobalSection
	GlobalSection(ProjectConfigurationPlatforms) = postSolution
		{0CF90EAB-0196-4DE2-B8BE-A0E32968C233}.Debug|Any CPU.ActiveCfg = Debug|Any CPU
		{0CF90EAB-0196-4DE2-B8BE-A0E32968C233}.Debug|Any CPU.Build.0 = Debug|Any CPU
		{0CF90EAB-0196-4DE2-B8BE-A0E32968C233}.Release|Any CPU.ActiveCfg = Release|Any CPU
		{0CF90EAB-0196-4DE2-B8BE-A0E32968C233}.Release|Any CPU.Build.0 = Release|Any CPU
		{CF3F8599-5946-4007-92A5-66D35A595768}.Debug|Any CPU.ActiveCfg = Debug|Any CPU
		{CF3F8599-5946-4007-92A5-66D35A595768}.Debug|Any CPU.Build.0 = Debug|Any CPU
		{CF3F8599-5946-4007-92A5-66D35A595768}.Release|Any CPU.ActiveCfg = Release|Any CPU
		{CF3F8599-5946-4007-92A5-66D35A595768}.Release|Any CPU.Build.0 = Release|Any CPU
	EndGlobalSection
	GlobalSection(SolutionProperties) = preSolution
		HideSolutionNode = FALSE
	EndGlobalSection
EndGlobal
